
Microsoft Visual Studio Solution File, Format Version 12.00
# Visual Studio Version 17
VisualStudioVersion = 17.11.35327.3
MinimumVisualStudioVersion = 10.0.40219.1
Project("{FAE04EC0-301F-11D3-BF4B-00C04F79EFBC}") = "PurchaseOrder.API", "PurchaseOrder.API\PurchaseOrder.API.csproj", "{F2CD83EB-A621-42B4-936E-98F7A8B2EC81}"
EndProject
Project("{2150E333-8FDC-42A3-9474-1A3956D46DE8}") = "Documents", "Documents", "{8E5DC4EC-EDFA-4F6B-9B01-BDF343BCE657}"
	ProjectSection(SolutionItems) = preProject
		Script.sql = Script.sql
	EndProjectSection
EndProject
Project("{FAE04EC0-301F-11D3-BF4B-00C04F79EFBC}") = "PurchaseOrder.Web", "PurchaseOrder.Web\PurchaseOrder.Web.csproj", "{7F4E95C9-F099-41BB-B31A-976280754D2D}"
EndProject
Global
	GlobalSection(SolutionConfigurationPlatforms) = preSolution
		Debug|Any CPU = Debug|Any CPU
		Release|Any CPU = Release|Any CPU
	EndGlobalSection
	GlobalSection(ProjectConfigurationPlatforms) = postSolution
		{F2CD83EB-A621-42B4-936E-98F7A8B2EC81}.Debug|Any CPU.ActiveCfg = Debug|Any CPU
		{F2CD83EB-A621-42B4-936E-98F7A8B2EC81}.Debug|Any CPU.Build.0 = Debug|Any CPU
		{F2CD83EB-A621-42B4-936E-98F7A8B2EC81}.Release|Any CPU.ActiveCfg = Release|Any CPU
		{F2CD83EB-A621-42B4-936E-98F7A8B2EC81}.Release|Any CPU.Build.0 = Release|Any CPU
		{7F4E95C9-F099-41BB-B31A-976280754D2D}.Debug|Any CPU.ActiveCfg = Debug|Any CPU
		{7F4E95C9-F099-41BB-B31A-976280754D2D}.Debug|Any CPU.Build.0 = Debug|Any CPU
		{7F4E95C9-F099-41BB-B31A-976280754D2D}.Release|Any CPU.ActiveCfg = Release|Any CPU
		{7F4E95C9-F099-41BB-B31A-976280754D2D}.Release|Any CPU.Build.0 = Release|Any CPU
	EndGlobalSection
	GlobalSection(SolutionProperties) = preSolution
		HideSolutionNode = FALSE
	EndGlobalSection
	GlobalSection(ExtensibilityGlobals) = postSolution
		SolutionGuid = {35CAE3C7-4B36-4C7F-8F9F-F7897F0387D2}
	EndGlobalSection
EndGlobal
